
Microsoft Visual Studio Solution File, Format Version 12.00
# Visual Studio Version 16
VisualStudioVersion = 16.0.30517.126
MinimumVisualStudioVersion = 10.0.40219.1
Project("{8BC9CEB8-8B4A-11D0-8D11-00A0C91BC942}") = "HpcEncoder", "HpcTest\HpcTest.vcxproj", "{78447D5E-9030-4EB9-B99A-0A5825242DC3}"
EndProject
Project("{8BC9CEB8-8B4A-11D0-8D11-00A0C91BC942}") = "HpcMerger", "HpcMerger\HpcMerger.vcxproj", "{9B54BDF5-AF71-4535-A55E-B5DAD0F7E38A}"
EndProject
Project("{8BC9CEB8-8B4A-11D0-8D11-00A0C91BC942}") = "HpcDecoder", "HpcDecoder\HpcDecoder.vcxproj", "{20EB4FD1-3916-42BD-A7B5-54FC45AA8A74}"
EndProject
Global
	GlobalSection(SolutionConfigurationPlatforms) = preSolution
		Debug|x64 = Debug|x64
		Debug|x86 = Debug|x86
		Release|x64 = Release|x64
		Release|x86 = Release|x86
	EndGlobalSection
	GlobalSection(ProjectConfigurationPlatforms) = postSolution
		{78447D5E-9030-4EB9-B99A-0A5825242DC3}.Debug|x64.ActiveCfg = Debug|x64
		{78447D5E-9030-4EB9-B99A-0A5825242DC3}.Debug|x64.Build.0 = Debug|x64
		{78447D5E-9030-4EB9-B99A-0A5825242DC3}.Debug|x86.ActiveCfg = Debug|Win32
		{78447D5E-9030-4EB9-B99A-0A5825242DC3}.Debug|x86.Build.0 = Debug|Win32
		{78447D5E-9030-4EB9-B99A-0A5825242DC3}.Release|x64.ActiveCfg = Release|x64
		{78447D5E-9030-4EB9-B99A-0A5825242DC3}.Release|x64.Build.0 = Release|x64
		{78447D5E-9030-4EB9-B99A-0A5825242DC3}.Release|x86.ActiveCfg = Release|Win32
		{78447D5E-9030-4EB9-B99A-0A5825242DC3}.Release|x86.Build.0 = Release|Win32
		{9B54BDF5-AF71-4535-A55E-B5DAD0F7E38A}.Debug|x64.ActiveCfg = Debug|x64
		{9B54BDF5-AF71-4535-A55E-B5DAD0F7E38A}.Debug|x64.Build.0 = Debug|x64
		{9B54BDF5-AF71-4535-A55E-B5DAD0F7E38A}.Debug|x86.ActiveCfg = Debug|Win32
		{9B54BDF5-AF71-4535-A55E-B5DAD0F7E38A}.Debug|x86.Build.0 = Debug|Win32
		{9B54BDF5-AF71-4535-A55E-B5DAD0F7E38A}.Release|x64.ActiveCfg = Release|x64
		{9B54BDF5-AF71-4535-A55E-B5DAD0F7E38A}.Release|x64.Build.0 = Release|x64
		{9B54BDF5-AF71-4535-A55E-B5DAD0F7E38A}.Release|x86.ActiveCfg = Release|Win32
		{9B54BDF5-AF71-4535-A55E-B5DAD0F7E38A}.Release|x86.Build.0 = Release|Win32
		{20EB4FD1-3916-42BD-A7B5-54FC45AA8A74}.Debug|x64.ActiveCfg = Debug|x64
		{20EB4FD1-3916-42BD-A7B5-54FC45AA8A74}.Debug|x64.Build.0 = Debug|x64
		{20EB4FD1-3916-42BD-A7B5-54FC45AA8A74}.Debug|x86.ActiveCfg = Debug|Win32
		{20EB4FD1-3916-42BD-A7B5-54FC45AA8A74}.Debug|x86.Build.0 = Debug|Win32
		{20EB4FD1-3916-42BD-A7B5-54FC45AA8A74}.Release|x64.ActiveCfg = Release|x64
		{20EB4FD1-3916-42BD-A7B5-54FC45AA8A74}.Release|x64.Build.0 = Release|x64
		{20EB4FD1-3916-42BD-A7B5-54FC45AA8A74}.Release|x86.ActiveCfg = Release|Win32
		{20EB4FD1-3916-42BD-A7B5-54FC45AA8A74}.Release|x86.Build.0 = Release|Win32
	EndGlobalSection
	GlobalSection(SolutionProperties) = preSolution
		HideSolutionNode = FALSE
	EndGlobalSection
	GlobalSection(ExtensibilityGlobals) = postSolution
		SolutionGuid = {EEC306BB-B88E-4E01-9009-7F0C076BA81F}
	EndGlobalSection
EndGlobal
